
Microsoft Visual Studio Solution File, Format Version 12.00
# Visual Studio Version 17
VisualStudioVersion = 17.3.32922.545
MinimumVisualStudioVersion = 10.0.40219.1
Project("{FAE04EC0-301F-11D3-BF4B-00C04F79EFBC}") = "WinFormsAppTesting", "WinFormsAppTesting\WinFormsAppTesting.csproj", "{9ED735B0-D8EA-49E4-A25D-9559FE7993EB}"
EndProject
Global
	GlobalSection(SolutionConfigurationPlatforms) = preSolution
		Debug|Any CPU = Debug|Any CPU
		Release|Any CPU = Release|Any CPU
	EndGlobalSection
	GlobalSection(ProjectConfigurationPlatforms) = postSolution
		{9ED735B0-D8EA-49E4-A25D-9559FE7993EB}.Debug|Any CPU.ActiveCfg = Debug|Any CPU
		{9ED735B0-D8EA-49E4-A25D-9559FE7993EB}.Debug|Any CPU.Build.0 = Debug|Any CPU
		{9ED735B0-D8EA-49E4-A25D-9559FE7993EB}.Release|Any CPU.ActiveCfg = Release|Any CPU
		{9ED735B0-D8EA-49E4-A25D-9559FE7993EB}.Release|Any CPU.Build.0 = Release|Any CPU
	EndGlobalSection
	GlobalSection(SolutionProperties) = preSolution
		HideSolutionNode = FALSE
	EndGlobalSection
	GlobalSection(ExtensibilityGlobals) = postSolution
		SolutionGuid = {306BD0EF-0319-4AF8-B4CB-84DB046318AA}
	EndGlobalSection
EndGlobal
